{
    "name": "egos-lab",
    "version": "0.1.0",
    "lockfileVersion": 3,
    "requires": true,
    "packages": {
        "": {
            "name": "egos-lab",
            "version": "0.1.0",
            "workspaces": [
                "apps/*",
                "packages/*"
            ],
            "engines": {
                "node": ">=18.0.0"
            }
        },
        "apps/eagle-eye": {
            "name": "@egos-lab/eagle-eye",
            "version": "0.1.0",
            "dependencies": {
                "@egos-lab/shared": "*"
            }
        },
        "node_modules/@egos-lab/eagle-eye": {
            "resolved": "apps/eagle-eye",
            "link": true
        },
        "node_modules/@egos-lab/shared": {
            "resolved": "packages/shared",
            "link": true
        },
        "packages/shared": {
            "name": "@egos-lab/shared",
            "version": "0.1.0"
        }
    }
}
